# This file is generated by running "yarn install" inside your project.
# Manual changes might be lost - proceed with caution!

__metadata:
  version: 8
  cacheKey: 10c0

"backend@workspace:backend":
  version: 0.0.0-use.local
  resolution: "backend@workspace:backend"
  languageName: unknown
  linkType: soft

"contracts@workspace:contracts":
  version: 0.0.0-use.local
  resolution: "contracts@workspace:contracts"
  languageName: unknown
  linkType: soft

"frontend@workspace:frontend":
  version: 0.0.0-use.local
  resolution: "frontend@workspace:frontend"
  languageName: unknown
  linkType: soft

"proof-of-fun@workspace:.":
  version: 0.0.0-use.local
  resolution: "proof-of-fun@workspace:."
  languageName: unknown
  linkType: soft
